{
    "_readme": [
        "This file locks the dependencies of your project to a known state",
        "Read more about it at https://getcomposer.org/doc/01-basic-usage.md#installing-dependencies",
        "This file is @generated automatically"
    ],
    "content-hash": "8dc32989928f53979b5dc0782612df44",
    "packages": [
        {
            "name": "bordoni/phpass",
            "version": "0.3.5",
            "source": {
                "type": "git",
                "url": "https://github.com/bordoni/phpass.git",
                "reference": "fd57c109213e95150b7de1dc8908c55605cd8e55"
            },
            "dist": {
                "type": "zip",
                "url": "https://api.github.com/repos/bordoni/phpass/zipball/fd57c109213e95150b7de1dc8908c55605cd8e55",
                "reference": "fd57c109213e95150b7de1dc8908c55605cd8e55",
                "shasum": ""
            },
            "require": {
                "php": ">=5.3.3"
            },
            "replace": {
                "hautelook/phpass": "0.3.*"
            },
            "type": "library",
            "autoload": {
                "psr-0": {
                    "Hautelook": "src/"
                }
            },
            "notification-url": "https://packagist.org/downloads/",
            "license": [
                "Public Domain"
            ],
            "authors": [
                {
                    "name": "Solar Designer",
                    "email": "solar@openwall.com",
                    "homepage": "http://openwall.com/phpass/"
                },
                {
                    "name": "Gustavo Bordoni",
                    "email": "gustavo@bordoni.me",
                    "homepage": "https://bordoni.me"
                }
            ],
            "description": "Portable PHP password hashing framework",
            "homepage": "http://github.com/hautelook/phpass/",
            "keywords": [
                "blowfish",
                "crypt",
                "password",
                "security"
            ],
            "support": {
                "issues": "https://github.com/bordoni/phpass/issues",
                "source": "https://github.com/bordoni/phpass/tree/0.3.5"
            },
            "time": "2012-08-31T00:00:00+00:00"
        },
        {
            "name": "paragonie/constant_time_encoding",
            "version": "v2.5.0",
            "source": {
                "type": "git",
                "url": "https://github.com/paragonie/constant_time_encoding.git",
                "reference": "9229e15f2e6ba772f0c55dd6986c563b937170a8"
            },
            "dist": {
                "type": "zip",
                "url": "https://api.github.com/repos/paragonie/constant_time_encoding/zipball/9229e15f2e6ba772f0c55dd6986c563b937170a8",
                "reference": "9229e15f2e6ba772f0c55dd6986c563b937170a8",
                "shasum": ""
            },
            "require": {
                "php": "^7|^8"
            },
            "require-dev": {
                "phpunit/phpunit": "^6|^7|^8|^9",
                "vimeo/psalm": "^1|^2|^3|^4"
            },
            "type": "library",
            "autoload": {
                "psr-4": {
                    "ParagonIE\\ConstantTime\\": "src/"
                }
            },
            "notification-url": "https://packagist.org/downloads/",
            "license": [
                "MIT"
            ],
            "authors": [
                {
                    "name": "Paragon Initiative Enterprises",
                    "email": "security@paragonie.com",
                    "homepage": "https://paragonie.com",
                    "role": "Maintainer"
                },
                {
                    "name": "Steve 'Sc00bz' Thomas",
                    "email": "steve@tobtu.com",
                    "homepage": "https://www.tobtu.com",
                    "role": "Original Developer"
                }
            ],
            "description": "Constant-time Implementations of RFC 4648 Encoding (Base-64, Base-32, Base-16)",
            "keywords": [
                "base16",
                "base32",
                "base32_decode",
                "base32_encode",
                "base64",
                "base64_decode",
                "base64_encode",
                "bin2hex",
                "encoding",
                "hex",
                "hex2bin",
                "rfc4648"
            ],
            "support": {
                "email": "info@paragonie.com",
                "issues": "https://github.com/paragonie/constant_time_encoding/issues",
                "source": "https://github.com/paragonie/constant_time_encoding"
            },
            "time": "2022-01-17T05:32:27+00:00"
        },
        {
            "name": "paragonie/random_compat",
            "version": "v9.99.100",
            "source": {
                "type": "git",
                "url": "https://github.com/paragonie/random_compat.git",
                "reference": "996434e5492cb4c3edcb9168db6fbb1359ef965a"
            },
            "dist": {
                "type": "zip",
                "url": "https://api.github.com/repos/paragonie/random_compat/zipball/996434e5492cb4c3edcb9168db6fbb1359ef965a",
                "reference": "996434e5492cb4c3edcb9168db6fbb1359ef965a",
                "shasum": ""
            },
            "require": {
                "php": ">= 7"
            },
            "require-dev": {
                "phpunit/phpunit": "4.*|5.*",
                "vimeo/psalm": "^1"
            },
            "suggest": {
                "ext-libsodium": "Provides a modern crypto API that can be used to generate random bytes."
            },
            "type": "library",
            "notification-url": "https://packagist.org/downloads/",
            "license": [
                "MIT"
            ],
            "authors": [
                {
                    "name": "Paragon Initiative Enterprises",
                    "email": "security@paragonie.com",
                    "homepage": "https://paragonie.com"
                }
            ],
            "description": "PHP 5.x polyfill for random_bytes() and random_int() from PHP 7",
            "keywords": [
                "csprng",
                "polyfill",
                "pseudorandom",
                "random"
            ],
            "support": {
                "email": "info@paragonie.com",
                "issues": "https://github.com/paragonie/random_compat/issues",
                "source": "https://github.com/paragonie/random_compat"
            },
            "time": "2020-10-15T08:29:30+00:00"
        },
        {
            "name": "php-amqplib/php-amqplib",
            "version": "v3.1.2",
            "source": {
                "type": "git",
                "url": "https://github.com/php-amqplib/php-amqplib.git",
                "reference": "e8aba06c4e1c467612f2d99304f672f2660e8492"
            },
            "dist": {
                "type": "zip",
                "url": "https://api.github.com/repos/php-amqplib/php-amqplib/zipball/e8aba06c4e1c467612f2d99304f672f2660e8492",
                "reference": "e8aba06c4e1c467612f2d99304f672f2660e8492",
                "shasum": ""
            },
            "require": {
                "ext-mbstring": "*",
                "ext-sockets": "*",
                "php": "^7.1||^8.0",
                "phpseclib/phpseclib": "^2.0|^3.0"
            },
            "conflict": {
                "php": "7.4.0 - 7.4.1"
            },
            "replace": {
                "videlalvaro/php-amqplib": "self.version"
            },
            "require-dev": {
                "ext-curl": "*",
                "nategood/httpful": "^0.2.20",
                "phpunit/phpunit": "^7.5|^9.5",
                "squizlabs/php_codesniffer": "^3.6"
            },
            "type": "library",
            "extra": {
                "branch-alias": {
                    "dev-master": "3.0-dev"
                }
            },
            "autoload": {
                "psr-4": {
                    "PhpAmqpLib\\": "PhpAmqpLib/"
                }
            },
            "notification-url": "https://packagist.org/downloads/",
            "license": [
                "LGPL-2.1-or-later"
            ],
            "authors": [
                {
                    "name": "Alvaro Videla",
                    "role": "Original Maintainer"
                },
                {
                    "name": "Raúl Araya",
                    "email": "nubeiro@gmail.com",
                    "role": "Maintainer"
                },
                {
                    "name": "Luke Bakken",
                    "email": "luke@bakken.io",
                    "role": "Maintainer"
                },
                {
                    "name": "Ramūnas Dronga",
                    "email": "github@ramuno.lt",
                    "role": "Maintainer"
                }
            ],
            "description": "Formerly videlalvaro/php-amqplib.  This library is a pure PHP implementation of the AMQP protocol. It's been tested against RabbitMQ.",
            "homepage": "https://github.com/php-amqplib/php-amqplib/",
            "keywords": [
                "message",
                "queue",
                "rabbitmq"
            ],
            "support": {
                "issues": "https://github.com/php-amqplib/php-amqplib/issues",
                "source": "https://github.com/php-amqplib/php-amqplib/tree/v3.1.2"
            },
            "time": "2022-01-18T17:08:01+00:00"
        },
        {
            "name": "phpseclib/phpseclib",
            "version": "3.0.12",
            "source": {
                "type": "git",
                "url": "https://github.com/phpseclib/phpseclib.git",
                "reference": "89bfb45bd8b1abc3b37e910d57f5dbd3174f40fb"
            },
            "dist": {
                "type": "zip",
                "url": "https://api.github.com/repos/phpseclib/phpseclib/zipball/89bfb45bd8b1abc3b37e910d57f5dbd3174f40fb",
                "reference": "89bfb45bd8b1abc3b37e910d57f5dbd3174f40fb",
                "shasum": ""
            },
            "require": {
                "paragonie/constant_time_encoding": "^1|^2",
                "paragonie/random_compat": "^1.4|^2.0|^9.99.99",
                "php": ">=5.6.1"
            },
            "require-dev": {
                "phing/phing": "~2.7",
                "phpunit/phpunit": "^5.7|^6.0|^9.4",
                "squizlabs/php_codesniffer": "~2.0"
            },
            "suggest": {
                "ext-gmp": "Install the GMP (GNU Multiple Precision) extension in order to speed up arbitrary precision integer arithmetic operations.",
                "ext-libsodium": "SSH2/SFTP can make use of some algorithms provided by the libsodium-php extension.",
                "ext-mcrypt": "Install the Mcrypt extension in order to speed up a few other cryptographic operations.",
                "ext-openssl": "Install the OpenSSL extension in order to speed up a wide variety of cryptographic operations."
            },
            "type": "library",
            "autoload": {
                "files": [
                    "phpseclib/bootstrap.php"
                ],
                "psr-4": {
                    "phpseclib3\\": "phpseclib/"
                }
            },
            "notification-url": "https://packagist.org/downloads/",
            "license": [
                "MIT"
            ],
            "authors": [
                {
                    "name": "Jim Wigginton",
                    "email": "terrafrost@php.net",
                    "role": "Lead Developer"
                },
                {
                    "name": "Patrick Monnerat",
                    "email": "pm@datasphere.ch",
                    "role": "Developer"
                },
                {
                    "name": "Andreas Fischer",
                    "email": "bantu@phpbb.com",
                    "role": "Developer"
                },
                {
                    "name": "Hans-Jürgen Petrich",
                    "email": "petrich@tronic-media.com",
                    "role": "Developer"
                },
                {
                    "name": "Graham Campbell",
                    "email": "graham@alt-three.com",
                    "role": "Developer"
                }
            ],
            "description": "PHP Secure Communications Library - Pure-PHP implementations of RSA, AES, SSH2, SFTP, X.509 etc.",
            "homepage": "http://phpseclib.sourceforge.net",
            "keywords": [
                "BigInteger",
                "aes",
                "asn.1",
                "asn1",
                "blowfish",
                "crypto",
                "cryptography",
                "encryption",
                "rsa",
                "security",
                "sftp",
                "signature",
                "signing",
                "ssh",
                "twofish",
                "x.509",
                "x509"
            ],
            "support": {
                "issues": "https://github.com/phpseclib/phpseclib/issues",
                "source": "https://github.com/phpseclib/phpseclib/tree/3.0.12"
            },
            "funding": [
                {
                    "url": "https://github.com/terrafrost",
                    "type": "github"
                },
                {
                    "url": "https://www.patreon.com/phpseclib",
                    "type": "patreon"
                },
                {
                    "url": "https://tidelift.com/funding/github/packagist/phpseclib/phpseclib",
                    "type": "tidelift"
                }
            ],
            "time": "2021-11-28T23:46:03+00:00"
        },
        {
            "name": "seanmorris/access",
            "version": "dev-master",
            "source": {
                "type": "git",
                "url": "https://github.com/seanmorris/access.git",
                "reference": "84f74be9f90c9496b443b052349a65663fd2cfd2"
            },
            "dist": {
                "type": "zip",
                "url": "https://api.github.com/repos/seanmorris/access/zipball/84f74be9f90c9496b443b052349a65663fd2cfd2",
                "reference": "84f74be9f90c9496b443b052349a65663fd2cfd2",
                "shasum": ""
            },
            "require": {
                "bordoni/phpass": "^0.3.5"
            },
            "require-dev": {
                "simpletest/simpletest": "^1.1"
            },
            "default-branch": true,
            "type": "library",
            "autoload": {
                "psr-4": {
                    "SeanMorris\\Access\\Test\\": "test/",
                    "SeanMorris\\Access\\": "source/",
                    "seanmorris\\access\\": "source/"
                }
            },
            "authors": [
                {
                    "name": "Sean Morris",
                    "email": "sean@sean-morris.com"
                }
            ],
            "support": {
                "source": "https://github.com/seanmorris/access/tree/master",
                "issues": "https://github.com/seanmorris/access/issues"
            },
            "time": "2022-01-18T02:10:41+00:00"
        },
        {
            "name": "seanmorris/form",
            "version": "dev-master",
            "source": {
                "type": "git",
                "url": "https://github.com/seanmorris/form.git",
                "reference": "cea9d685660c8d2a31284f0aa824760871b2fec6"
            },
            "dist": {
                "type": "zip",
                "url": "https://api.github.com/repos/seanmorris/form/zipball/cea9d685660c8d2a31284f0aa824760871b2fec6",
                "reference": "cea9d685660c8d2a31284f0aa824760871b2fec6",
                "shasum": ""
            },
            "require": {
                "seanmorris/theme": "^1.0"
            },
            "require-dev": {
                "seanmorris/ids": "dev-sm-api-tooling as dev-master",
                "simpletest/simpletest": "^1.1"
            },
            "default-branch": true,
            "type": "library",
            "autoload": {
                "psr-4": {
                    "SeanMorris\\Form\\Test\\": "test/",
                    "SeanMorris\\Form\\": "source/"
                }
            },
            "notification-url": "https://packagist.org/downloads/",
            "license": [
                "Apache-2.0"
            ],
            "authors": [
                {
                    "name": "Sean Morris",
                    "email": "sean@sean-morris.com"
                }
            ],
            "description": "Simple, Object oriented forms for PHP.",
            "support": {
                "issues": "https://github.com/seanmorris/form/issues",
                "source": "https://github.com/seanmorris/form/tree/1.0.4"
            },
            "time": "2022-01-17T22:06:19+00:00"
        },
        {
            "name": "seanmorris/ids",
            "version": "dev-sm-api-tooling",
            "source": {
                "type": "git",
                "url": "https://github.com/seanmorris/ids.git",
                "reference": "6224a3512432384f8f778ed3bb25e888b9b2fbbe"
            },
            "dist": {
                "type": "zip",
                "url": "https://api.github.com/repos/seanmorris/ids/zipball/6224a3512432384f8f778ed3bb25e888b9b2fbbe",
                "reference": "6224a3512432384f8f778ed3bb25e888b9b2fbbe",
                "shasum": ""
            },
            "require-dev": {
                "phpunit/phpunit": "^9",
                "simpletest/simpletest": "dev-master"
            },
            "bin": [
                "bin/idilic"
            ],
            "type": "library",
            "autoload": {
                "psr-4": {
                    "SeanMorris\\Ids\\Test\\": "test/",
                    "SeanMorris\\Ids\\": "source/"
                }
            },
            "authors": [
                {
                    "name": "Sean Morris",
                    "email": "sean@sean-morris.com"
                }
            ],
            "support": {
                "source": "https://github.com/seanmorris/ids/tree/sm-api-tooling",
                "issues": "https://github.com/seanmorris/ids/issues"
            },
            "time": "2022-01-24T09:08:16+00:00"
        },
        {
            "name": "seanmorris/kallisti",
            "version": "dev-master",
            "source": {
                "type": "git",
                "url": "https://github.com/seanmorris/kallisti.git",
                "reference": "5d18a7f4608bf0cd82e47e682d0d8d6ec5d893db"
            },
            "dist": {
                "type": "zip",
                "url": "https://api.github.com/repos/seanmorris/kallisti/zipball/5d18a7f4608bf0cd82e47e682d0d8d6ec5d893db",
                "reference": "5d18a7f4608bf0cd82e47e682d0d8d6ec5d893db",
                "shasum": ""
            },
            "require-dev": {
                "simpletest/simpletest": "dev-master"
            },
            "default-branch": true,
            "type": "library",
            "autoload": {
                "psr-4": {
                    "SeanMorris\\Kallisti\\Test\\": "test/",
                    "SeanMorris\\Kallisti\\": "source/"
                }
            },
            "authors": [
                {
                    "name": "Sean Morris",
                    "email": "inquire@seanmorr.is"
                }
            ],
            "description": "Chaos Management Engine",
            "support": {
                "source": "https://github.com/seanmorris/kallisti/tree/master",
                "issues": "https://github.com/seanmorris/kallisti/issues"
            },
            "time": "2021-06-26T05:36:34+00:00"
        },
        {
            "name": "seanmorris/message",
            "version": "dev-master",
            "source": {
                "type": "git",
                "url": "https://github.com/seanmorris/message.git",
                "reference": "73c1b67f72dedba14c572e6e80c2c4fdd7ac8d3e"
            },
            "dist": {
                "type": "zip",
                "url": "https://api.github.com/repos/seanmorris/message/zipball/73c1b67f72dedba14c572e6e80c2c4fdd7ac8d3e",
                "reference": "73c1b67f72dedba14c572e6e80c2c4fdd7ac8d3e",
                "shasum": ""
            },
            "default-branch": true,
            "type": "library",
            "autoload": {
                "psr-4": {
                    "SeanMorris\\Message\\Test\\": "test/",
                    "SeanMorris\\Message\\": "source/"
                }
            },
            "authors": [
                {
                    "name": "Sean Morris",
                    "email": "sean@sean-morris.com"
                }
            ],
            "support": {
                "source": "https://github.com/seanmorris/message/tree/master",
                "issues": "https://github.com/seanmorris/message/issues"
            },
            "time": "2018-05-07T18:57:24+00:00"
        },
        {
            "name": "seanmorris/presskit",
            "version": "dev-master",
            "source": {
                "type": "git",
                "url": "https://github.com/seanmorris/PressKit.git",
                "reference": "c6af0d811663310ae5b962a342d55128622302a0"
            },
            "dist": {
                "type": "zip",
                "url": "https://api.github.com/repos/seanmorris/PressKit/zipball/c6af0d811663310ae5b962a342d55128622302a0",
                "reference": "c6af0d811663310ae5b962a342d55128622302a0",
                "shasum": ""
            },
            "require": {
                "seanmorris/access": "dev-master",
                "seanmorris/form": "dev-master",
                "seanmorris/ids": "dev-master",
                "seanmorris/kallisti": "dev-master",
                "seanmorris/message": "dev-master",
                "seanmorris/theme": ">=1"
            },
            "require-dev": {
                "simpletest/simpletest": "dev-master"
            },
            "default-branch": true,
            "type": "library",
            "autoload": {
                "psr-4": {
                    "SeanMorris\\PressKit\\Test\\": "test/",
                    "SeanMorris\\PressKit\\": "source/"
                }
            },
            "authors": [
                {
                    "name": "Sean Morris",
                    "email": "sean@sean-morris.com"
                }
            ],
            "support": {
                "source": "https://github.com/seanmorris/PressKit/tree/master",
                "issues": "https://github.com/seanmorris/PressKit/issues"
            },
            "time": "2020-12-02T07:48:49+00:00"
        },
        {
            "name": "seanmorris/subspace",
            "version": "dev-master",
            "source": {
                "type": "git",
                "url": "https://github.com/seanmorris/subspace-server.git",
                "reference": "433e49f96bfc8ff0572d4519888e4eb7d0e1dcbc"
            },
            "dist": {
                "type": "zip",
                "url": "https://api.github.com/repos/seanmorris/subspace-server/zipball/433e49f96bfc8ff0572d4519888e4eb7d0e1dcbc",
                "reference": "433e49f96bfc8ff0572d4519888e4eb7d0e1dcbc",
                "shasum": ""
            },
            "require": {
                "seanmorris/access": "dev-master",
                "seanmorris/form": "dev-master",
                "seanmorris/ids": "dev-master",
                "seanmorris/kallisti": "dev-master",
                "seanmorris/message": "dev-master",
                "seanmorris/presskit": "dev-master"
            },
            "require-dev": {
                "simpletest/simpletest": "dev-master"
            },
            "default-branch": true,
            "type": "library",
            "autoload": {
                "psr-4": {
                    "SeanMorris\\SubSpace\\Test\\": "test/",
                    "SeanMorris\\SubSpace\\": "source/"
                }
            },
            "license": [
                "Apache-2.0"
            ],
            "authors": [
                {
                    "name": "Sean Morris",
                    "email": "contact@seanmorr.is"
                }
            ],
            "description": "Kallisti websocket server.",
            "support": {
                "source": "https://github.com/seanmorris/subspace-server/tree/master",
                "issues": "https://github.com/seanmorris/subspace-server/issues"
            },
            "time": "2022-01-24T07:45:55+00:00"
        },
        {
            "name": "seanmorris/theme",
            "version": "1.0.8",
            "source": {
                "type": "git",
                "url": "https://github.com/seanmorris/theme.git",
                "reference": "6b1613006d3b6ce5167c61db05b8a8f3fe860cc0"
            },
            "dist": {
                "type": "zip",
                "url": "https://api.github.com/repos/seanmorris/theme/zipball/6b1613006d3b6ce5167c61db05b8a8f3fe860cc0",
                "reference": "6b1613006d3b6ce5167c61db05b8a8f3fe860cc0",
                "shasum": ""
            },
            "require-dev": {
                "simpletest/simpletest": "dev-master"
            },
            "type": "library",
            "autoload": {
                "psr-4": {
                    "SeanMorris\\Theme\\Test\\": "test/",
                    "SeanMorris\\Theme\\": "source/"
                }
            },
            "notification-url": "https://packagist.org/downloads/",
            "license": [
                "Apache-2.0"
            ],
            "authors": [
                {
                    "name": "Sean Morris",
                    "email": "sean@sean-morris.com"
                }
            ],
            "description": "Simple, sane templating and theming for PHP",
            "support": {
                "issues": "https://github.com/seanmorris/theme/issues",
                "source": "https://github.com/seanmorris/theme/tree/1.0.8"
            },
            "time": "2022-01-17T21:40:49+00:00"
        }
    ],
    "packages-dev": [
        {
            "name": "simpletest/simpletest",
            "version": "dev-master",
            "source": {
                "type": "git",
                "url": "https://github.com/simpletest/simpletest.git",
                "reference": "7191cd1756825d04af8d2eea32b34deb1b18f48a"
            },
            "dist": {
                "type": "zip",
                "url": "https://api.github.com/repos/simpletest/simpletest/zipball/7191cd1756825d04af8d2eea32b34deb1b18f48a",
                "reference": "7191cd1756825d04af8d2eea32b34deb1b18f48a",
                "shasum": ""
            },
            "require": {
                "php": ">=7.1"
            },
            "require-dev": {
                "ext-dom": "*",
                "ext-mbstring": "*",
                "ext-tidy": "*"
            },
            "default-branch": true,
            "type": "library",
            "autoload": {
                "classmap": [
                    "src/"
                ],
                "exclude-from-classmap": [
                    "/test"
                ]
            },
            "notification-url": "https://packagist.org/downloads/",
            "license": [
                "LGPL-2.0+"
            ],
            "authors": [
                {
                    "name": "Marcus Baker",
                    "email": "marcus@lastcraft.com",
                    "role": "Original project lead"
                },
                {
                    "name": "Jason Sweat",
                    "role": "Original developer"
                },
                {
                    "name": "Travis Swicegood",
                    "role": "Original developer"
                },
                {
                    "name": "Perrick Penet",
                    "role": "Original developer"
                },
                {
                    "name": "Edward Z. Yang",
                    "role": "Original developer"
                },
                {
                    "name": "Lachlan Donald",
                    "email": "lachlan@ljd.cc"
                },
                {
                    "name": "Lars Vierbergen",
                    "email": "vierbergenlars@gmail.com"
                },
                {
                    "name": "Jens A. Koch"
                }
            ],
            "description": "SimpleTest is a framework for unit testing, web site testing and mock objects for PHP.",
            "homepage": "http://simpletest.org/",
            "keywords": [
                "SimpleTest",
                "code-coverage",
                "selenium",
                "testing",
                "unit-test"
            ],
            "support": {
                "issues": "https://github.com/simpletest/simpletest/issues",
                "source": "https://github.com/simpletest/simpletest/tree/master"
            },
            "time": "2021-03-01T21:21:03+00:00"
        }
    ],
    "aliases": [
        {
            "package": "seanmorris/ids",
            "version": "dev-sm-api-tooling",
            "alias": "dev-master",
            "alias_normalized": "dev-master"
        }
    ],
    "minimum-stability": "stable",
    "stability-flags": {
        "seanmorris/ids": 20,
        "seanmorris/access": 20,
        "seanmorris/form": 20,
        "seanmorris/message": 20,
        "seanmorris/presskit": 20,
        "seanmorris/kallisti": 20,
        "seanmorris/subspace": 20,
        "simpletest/simpletest": 20
    },
    "prefer-stable": false,
    "prefer-lowest": false,
    "platform": [],
    "platform-dev": [],
    "plugin-api-version": "2.2.0"
}
