{
    "_readme": [
        "This file locks the dependencies of your project to a known state",
        "Read more about it at https://getcomposer.org/doc/01-basic-usage.md#installing-dependencies",
        "This file is @generated automatically"
    ],
    "content-hash": "1e42fa8983d3cef58f43bd496b40d4ea",
    "packages": [
        {
            "name": "hautelook/phpass",
            "version": "1.1.0",
            "source": {
                "type": "git",
                "url": "https://github.com/hautelook/phpass.git",
                "reference": "b2daca28508000d1dd126e93ec472d771626a774"
            },
            "dist": {
                "type": "zip",
                "url": "https://api.github.com/repos/hautelook/phpass/zipball/b2daca28508000d1dd126e93ec472d771626a774",
                "reference": "b2daca28508000d1dd126e93ec472d771626a774",
                "shasum": ""
            },
            "require": {
                "php": ">=5.6.0"
            },
            "type": "library",
            "autoload": {
                "psr-0": {
                    "Hautelook": "src/"
                }
            },
            "notification-url": "https://packagist.org/downloads/",
            "license": [
                "Public Domain"
            ],
            "authors": [
                {
                    "name": "Solar Designer",
                    "email": "solar@openwall.com",
                    "homepage": "http://openwall.com/phpass/"
                }
            ],
            "description": "Portable PHP password hashing framework",
            "homepage": "http://github.com/hautelook/phpass/",
            "keywords": [
                "blowfish",
                "crypt",
                "password",
                "security"
            ],
            "time": "2012-08-31T00:00:00+00:00"
        },
        {
            "name": "php-amqplib/php-amqplib",
            "version": "dev-master",
            "source": {
                "type": "git",
                "url": "https://github.com/php-amqplib/php-amqplib.git",
                "reference": "c0b132eb3d487d30c757e00c8dc52b5b1007744d"
            },
            "dist": {
                "type": "zip",
                "url": "https://api.github.com/repos/php-amqplib/php-amqplib/zipball/c0b132eb3d487d30c757e00c8dc52b5b1007744d",
                "reference": "c0b132eb3d487d30c757e00c8dc52b5b1007744d",
                "shasum": ""
            },
            "require": {
                "ext-mbstring": "*",
                "ext-sockets": "*",
                "php": ">=5.6.3",
                "phpseclib/phpseclib": "^2.0.0"
            },
            "conflict": {
                "php": "7.4.0 - 7.4.1"
            },
            "replace": {
                "videlalvaro/php-amqplib": "self.version"
            },
            "require-dev": {
                "ext-curl": "*",
                "nategood/httpful": "^0.2.20",
                "phpdocumentor/phpdocumentor": "^2.9",
                "phpunit/phpunit": "^4.8",
                "squizlabs/php_codesniffer": "^2.5"
            },
            "type": "library",
            "extra": {
                "branch-alias": {
                    "dev-master": "2.8-dev"
                }
            },
            "autoload": {
                "psr-4": {
                    "PhpAmqpLib\\": "PhpAmqpLib/"
                }
            },
            "notification-url": "https://packagist.org/downloads/",
            "license": [
                "LGPL-2.1-or-later"
            ],
            "authors": [
                {
                    "name": "Alvaro Videla",
                    "role": "Original Maintainer"
                },
                {
                    "name": "John Kelly",
                    "email": "johnmkelly86@gmail.com",
                    "role": "Maintainer"
                },
                {
                    "name": "Raúl Araya",
                    "email": "nubeiro@gmail.com",
                    "role": "Maintainer"
                },
                {
                    "name": "Luke Bakken",
                    "email": "luke@bakken.io",
                    "role": "Maintainer"
                }
            ],
            "description": "Formerly videlalvaro/php-amqplib.  This library is a pure PHP implementation of the AMQP protocol. It's been tested against RabbitMQ.",
            "homepage": "https://github.com/php-amqplib/php-amqplib/",
            "keywords": [
                "message",
                "queue",
                "rabbitmq"
            ],
            "time": "2019-03-08T20:12:56+00:00"
        },
        {
            "name": "phpseclib/phpseclib",
            "version": "2.0.28",
            "source": {
                "type": "git",
                "url": "https://github.com/phpseclib/phpseclib.git",
                "reference": "d1ca58cf33cb21046d702ae3a7b14fdacd9f3260"
            },
            "dist": {
                "type": "zip",
                "url": "https://api.github.com/repos/phpseclib/phpseclib/zipball/d1ca58cf33cb21046d702ae3a7b14fdacd9f3260",
                "reference": "d1ca58cf33cb21046d702ae3a7b14fdacd9f3260",
                "shasum": ""
            },
            "require": {
                "php": ">=5.3.3"
            },
            "require-dev": {
                "phing/phing": "~2.7",
                "phpunit/phpunit": "^4.8.35|^5.7|^6.0",
                "sami/sami": "~2.0",
                "squizlabs/php_codesniffer": "~2.0"
            },
            "suggest": {
                "ext-gmp": "Install the GMP (GNU Multiple Precision) extension in order to speed up arbitrary precision integer arithmetic operations.",
                "ext-libsodium": "SSH2/SFTP can make use of some algorithms provided by the libsodium-php extension.",
                "ext-mcrypt": "Install the Mcrypt extension in order to speed up a few other cryptographic operations.",
                "ext-openssl": "Install the OpenSSL extension in order to speed up a wide variety of cryptographic operations."
            },
            "type": "library",
            "autoload": {
                "files": [
                    "phpseclib/bootstrap.php"
                ],
                "psr-4": {
                    "phpseclib\\": "phpseclib/"
                }
            },
            "notification-url": "https://packagist.org/downloads/",
            "license": [
                "MIT"
            ],
            "authors": [
                {
                    "name": "Jim Wigginton",
                    "email": "terrafrost@php.net",
                    "role": "Lead Developer"
                },
                {
                    "name": "Patrick Monnerat",
                    "email": "pm@datasphere.ch",
                    "role": "Developer"
                },
                {
                    "name": "Andreas Fischer",
                    "email": "bantu@phpbb.com",
                    "role": "Developer"
                },
                {
                    "name": "Hans-Jürgen Petrich",
                    "email": "petrich@tronic-media.com",
                    "role": "Developer"
                },
                {
                    "name": "Graham Campbell",
                    "email": "graham@alt-three.com",
                    "role": "Developer"
                }
            ],
            "description": "PHP Secure Communications Library - Pure-PHP implementations of RSA, AES, SSH2, SFTP, X.509 etc.",
            "homepage": "http://phpseclib.sourceforge.net",
            "keywords": [
                "BigInteger",
                "aes",
                "asn.1",
                "asn1",
                "blowfish",
                "crypto",
                "cryptography",
                "encryption",
                "rsa",
                "security",
                "sftp",
                "signature",
                "signing",
                "ssh",
                "twofish",
                "x.509",
                "x509"
            ],
            "funding": [
                {
                    "url": "https://github.com/terrafrost",
                    "type": "github"
                },
                {
                    "url": "https://www.patreon.com/phpseclib",
                    "type": "patreon"
                },
                {
                    "url": "https://tidelift.com/funding/github/packagist/phpseclib/phpseclib",
                    "type": "tidelift"
                }
            ],
            "time": "2020-07-08T09:08:33+00:00"
        },
        {
            "name": "seanmorris/access",
            "version": "dev-master",
            "source": {
                "type": "git",
                "url": "https://github.com/seanmorris/access.git",
                "reference": "fcf1f4225905cda5bd9da6f9d25c0544cb202cdb"
            },
            "dist": {
                "type": "zip",
                "url": "https://api.github.com/repos/seanmorris/access/zipball/fcf1f4225905cda5bd9da6f9d25c0544cb202cdb",
                "reference": "fcf1f4225905cda5bd9da6f9d25c0544cb202cdb",
                "shasum": ""
            },
            "require": {
                "hautelook/phpass": "^1.0"
            },
            "require-dev": {
                "simpletest/simpletest": "^1.1"
            },
            "type": "library",
            "autoload": {
                "psr-4": {
                    "SeanMorris\\Access\\Test\\": "test/",
                    "SeanMorris\\Access\\": "source/",
                    "seanmorris\\access\\": "source/"
                }
            },
            "authors": [
                {
                    "name": "Sean Morris",
                    "email": "sean@sean-morris.com"
                }
            ],
            "support": {
                "source": "https://github.com/seanmorris/access/tree/master",
                "issues": "https://github.com/seanmorris/access/issues"
            },
            "time": "2020-08-29T19:57:30+00:00"
        },
        {
            "name": "seanmorris/form",
            "version": "dev-master",
            "source": {
                "type": "git",
                "url": "https://github.com/seanmorris/form.git",
                "reference": "4c127a91f63965661c6218bab7b7eb2c21c4f5f9"
            },
            "dist": {
                "type": "zip",
                "url": "https://api.github.com/repos/seanmorris/form/zipball/4c127a91f63965661c6218bab7b7eb2c21c4f5f9",
                "reference": "4c127a91f63965661c6218bab7b7eb2c21c4f5f9",
                "shasum": ""
            },
            "require": {
                "seanmorris/theme": "1.0.*"
            },
            "require-dev": {
                "simpletest/simpletest": "^1.1"
            },
            "type": "library",
            "autoload": {
                "psr-4": {
                    "SeanMorris\\Form\\Test\\": "test/",
                    "SeanMorris\\Form\\": "source/"
                }
            },
            "notification-url": "https://packagist.org/downloads/",
            "license": [
                "Apache-2.0"
            ],
            "authors": [
                {
                    "name": "Sean Morris",
                    "email": "sean@sean-morris.com"
                }
            ],
            "description": "Simple, Object oriented forms for PHP.",
            "time": "2020-08-26T00:05:45+00:00"
        },
        {
            "name": "seanmorris/ids",
            "version": "dev-master",
            "source": {
                "type": "git",
                "url": "https://github.com/seanmorris/ids.git",
                "reference": "d5d046b5f2080cd0c6cd7508a580b38807ba3b59"
            },
            "dist": {
                "type": "zip",
                "url": "https://api.github.com/repos/seanmorris/ids/zipball/d5d046b5f2080cd0c6cd7508a580b38807ba3b59",
                "reference": "d5d046b5f2080cd0c6cd7508a580b38807ba3b59",
                "shasum": ""
            },
            "require-dev": {
                "phpunit/phpunit": "^9",
                "seanmorris/ksqlc": "dev-master",
                "simpletest/simpletest": "dev-master"
            },
            "bin": [
                "bin/idilic"
            ],
            "type": "library",
            "autoload": {
                "psr-4": {
                    "SeanMorris\\Ids\\Test\\": "test/",
                    "SeanMorris\\Ids\\": "source/"
                }
            },
            "authors": [
                {
                    "name": "Sean Morris",
                    "email": "sean@sean-morris.com"
                }
            ],
            "support": {
                "source": "https://github.com/seanmorris/ids/tree/master",
                "issues": "https://github.com/seanmorris/ids/issues"
            },
            "time": "2020-09-05T11:24:58+00:00"
        },
        {
            "name": "seanmorris/kallisti",
            "version": "dev-master",
            "source": {
                "type": "git",
                "url": "https://github.com/seanmorris/kallisti.git",
                "reference": "d59d9e1457ad132dc6748bbbbdb514dc311e53a9"
            },
            "dist": {
                "type": "zip",
                "url": "https://api.github.com/repos/seanmorris/kallisti/zipball/d59d9e1457ad132dc6748bbbbdb514dc311e53a9",
                "reference": "d59d9e1457ad132dc6748bbbbdb514dc311e53a9",
                "shasum": ""
            },
            "require-dev": {
                "simpletest/simpletest": "dev-master"
            },
            "type": "library",
            "autoload": {
                "psr-4": {
                    "SeanMorris\\Kallisti\\Test\\": "test/",
                    "SeanMorris\\Kallisti\\": "source/"
                }
            },
            "authors": [
                {
                    "name": "Sean Morris",
                    "email": "inquire@seanmorr.is"
                }
            ],
            "description": "Chaos Management Engine",
            "support": {
                "source": "https://github.com/seanmorris/kallisti/tree/master",
                "issues": "https://github.com/seanmorris/kallisti/issues"
            },
            "time": "2019-07-21T23:15:36+00:00"
        },
        {
            "name": "seanmorris/message",
            "version": "dev-master",
            "source": {
                "type": "git",
                "url": "https://github.com/seanmorris/message.git",
                "reference": "73c1b67f72dedba14c572e6e80c2c4fdd7ac8d3e"
            },
            "dist": {
                "type": "zip",
                "url": "https://api.github.com/repos/seanmorris/message/zipball/73c1b67f72dedba14c572e6e80c2c4fdd7ac8d3e",
                "reference": "73c1b67f72dedba14c572e6e80c2c4fdd7ac8d3e",
                "shasum": ""
            },
            "type": "library",
            "autoload": {
                "psr-4": {
                    "SeanMorris\\Message\\Test\\": "test/",
                    "SeanMorris\\Message\\": "source/"
                }
            },
            "authors": [
                {
                    "name": "Sean Morris",
                    "email": "sean@sean-morris.com"
                }
            ],
            "support": {
                "source": "https://github.com/seanmorris/message/tree/master",
                "issues": "https://github.com/seanmorris/message/issues"
            },
            "time": "2018-05-07T18:57:24+00:00"
        },
        {
            "name": "seanmorris/presskit",
            "version": "dev-master",
            "source": {
                "type": "git",
                "url": "https://github.com/seanmorris/PressKit.git",
                "reference": "5d5560a713cfcdcd5c6af5eda821cb59c0ab8b80"
            },
            "dist": {
                "type": "zip",
                "url": "https://api.github.com/repos/seanmorris/PressKit/zipball/5d5560a713cfcdcd5c6af5eda821cb59c0ab8b80",
                "reference": "5d5560a713cfcdcd5c6af5eda821cb59c0ab8b80",
                "shasum": ""
            },
            "require": {
                "seanmorris/access": "dev-master",
                "seanmorris/form": "dev-master",
                "seanmorris/ids": "dev-master",
                "seanmorris/kallisti": "dev-master",
                "seanmorris/message": "dev-master",
                "seanmorris/theme": ">=1"
            },
            "require-dev": {
                "simpletest/simpletest": "dev-master"
            },
            "type": "library",
            "autoload": {
                "psr-4": {
                    "SeanMorris\\PressKit\\Test\\": "test/",
                    "SeanMorris\\PressKit\\": "source/"
                }
            },
            "authors": [
                {
                    "name": "Sean Morris",
                    "email": "sean@sean-morris.com"
                }
            ],
            "support": {
                "source": "https://github.com/seanmorris/PressKit/tree/master",
                "issues": "https://github.com/seanmorris/PressKit/issues"
            },
            "time": "2020-08-29T19:58:38+00:00"
        },
        {
            "name": "seanmorris/subspace",
            "version": "dev-master",
            "source": {
                "type": "git",
                "url": "https://github.com/seanmorris/subspace-server.git",
                "reference": "fb36df95d588df16f5cd7776e9f5e925f9a34cda"
            },
            "dist": {
                "type": "zip",
                "url": "https://api.github.com/repos/seanmorris/subspace-server/zipball/fb36df95d588df16f5cd7776e9f5e925f9a34cda",
                "reference": "fb36df95d588df16f5cd7776e9f5e925f9a34cda",
                "shasum": ""
            },
            "require": {
                "seanmorris/access": "dev-master",
                "seanmorris/form": "dev-master",
                "seanmorris/ids": "dev-master",
                "seanmorris/kallisti": "dev-master",
                "seanmorris/message": "dev-master",
                "seanmorris/presskit": "dev-master"
            },
            "require-dev": {
                "simpletest/simpletest": "dev-master"
            },
            "type": "library",
            "autoload": {
                "psr-4": {
                    "SeanMorris\\SubSpace\\Test\\": "test/",
                    "SeanMorris\\SubSpace\\": "source/"
                }
            },
            "authors": [
                {
                    "name": "Sean Morris",
                    "email": "contact@seanmorr.is"
                }
            ],
            "description": "Kallisti websocket server.",
            "support": {
                "source": "https://github.com/seanmorris/subspace-server/tree/master",
                "issues": "https://github.com/seanmorris/subspace-server/issues"
            },
            "time": "2020-06-30T23:50:26+00:00"
        },
        {
            "name": "seanmorris/theme",
            "version": "1.0.7",
            "source": {
                "type": "git",
                "url": "https://github.com/seanmorris/theme.git",
                "reference": "97554e153312026c7db4af8ae3653d20fe9d117d"
            },
            "dist": {
                "type": "zip",
                "url": "https://api.github.com/repos/seanmorris/theme/zipball/97554e153312026c7db4af8ae3653d20fe9d117d",
                "reference": "97554e153312026c7db4af8ae3653d20fe9d117d",
                "shasum": ""
            },
            "require-dev": {
                "simpletest/simpletest": "dev-master"
            },
            "type": "library",
            "autoload": {
                "psr-4": {
                    "SeanMorris\\Theme\\Test\\": "test/",
                    "SeanMorris\\Theme\\": "source/"
                }
            },
            "notification-url": "https://packagist.org/downloads/",
            "license": [
                "Apache-2.0"
            ],
            "authors": [
                {
                    "name": "Sean Morris",
                    "email": "sean@sean-morris.com"
                }
            ],
            "description": "Simple, sane templating and theming for PHP",
            "time": "2017-07-02T12:52:16+00:00"
        }
    ],
    "packages-dev": [
        {
            "name": "simpletest/simpletest",
            "version": "dev-master",
            "source": {
                "type": "git",
                "url": "https://github.com/simpletest/simpletest.git",
                "reference": "140876ef9ac9a10f884c3657f022829fc5ce64d2"
            },
            "dist": {
                "type": "zip",
                "url": "https://api.github.com/repos/simpletest/simpletest/zipball/140876ef9ac9a10f884c3657f022829fc5ce64d2",
                "reference": "140876ef9ac9a10f884c3657f022829fc5ce64d2",
                "shasum": ""
            },
            "require": {
                "php": "^7.1"
            },
            "require-dev": {
                "ext-dom": "*",
                "ext-mbstring": "*",
                "ext-tidy": "*"
            },
            "type": "library",
            "autoload": {
                "classmap": [
                    "src/"
                ],
                "exclude-from-classmap": [
                    "/test"
                ]
            },
            "notification-url": "https://packagist.org/downloads/",
            "license": [
                "LGPL-2.0+"
            ],
            "authors": [
                {
                    "name": "Marcus Baker",
                    "email": "marcus@lastcraft.com",
                    "role": "Original project lead"
                },
                {
                    "name": "Jason Sweat",
                    "role": "Original developer"
                },
                {
                    "name": "Travis Swicegood",
                    "role": "Original developer"
                },
                {
                    "name": "Perrick Penet",
                    "role": "Original developer"
                },
                {
                    "name": "Edward Z. Yang",
                    "role": "Original developer"
                },
                {
                    "name": "Lachlan Donald",
                    "email": "lachlan@ljd.cc"
                },
                {
                    "name": "Lars Vierbergen",
                    "email": "vierbergenlars@gmail.com"
                },
                {
                    "name": "Jens A. Koch"
                }
            ],
            "description": "SimpleTest is a framework for unit testing, web site testing and mock objects for PHP.",
            "homepage": "http://simpletest.org/",
            "keywords": [
                "SimpleTest",
                "code-coverage",
                "selenium",
                "testing",
                "unit-test"
            ],
            "time": "2020-04-26T13:57:35+00:00"
        }
    ],
    "aliases": [],
    "minimum-stability": "stable",
    "stability-flags": {
        "seanmorris/ids": 20,
        "seanmorris/access": 20,
        "seanmorris/form": 20,
        "seanmorris/message": 20,
        "seanmorris/presskit": 20,
        "seanmorris/kallisti": 20,
        "seanmorris/subspace": 20,
        "php-amqplib/php-amqplib": 20,
        "simpletest/simpletest": 20
    },
    "prefer-stable": false,
    "prefer-lowest": false,
    "platform": [],
    "platform-dev": [],
    "plugin-api-version": "1.1.0"
}
