{
    "_readme": [
        "This file locks the dependencies of your project to a known state",
        "Read more about it at https://getcomposer.org/doc/01-basic-usage.md#installing-dependencies",
        "This file is @generated automatically"
    ],
    "content-hash": "f779fb8792aaa613d21ad3a557ab9d4f",
    "packages": [
        {
            "name": "hautelook/phpass",
            "version": "1.1.0",
            "source": {
                "type": "git",
                "url": "https://github.com/hautelook/phpass.git",
                "reference": "b2daca28508000d1dd126e93ec472d771626a774"
            },
            "dist": {
                "type": "zip",
                "url": "https://api.github.com/repos/hautelook/phpass/zipball/b2daca28508000d1dd126e93ec472d771626a774",
                "reference": "b2daca28508000d1dd126e93ec472d771626a774",
                "shasum": ""
            },
            "require": {
                "php": ">=5.6.0"
            },
            "type": "library",
            "autoload": {
                "psr-0": {
                    "Hautelook": "src/"
                }
            },
            "notification-url": "https://packagist.org/downloads/",
            "license": [
                "Public Domain"
            ],
            "authors": [
                {
                    "name": "Solar Designer",
                    "email": "solar@openwall.com",
                    "homepage": "http://openwall.com/phpass/"
                }
            ],
            "description": "Portable PHP password hashing framework",
            "homepage": "http://github.com/hautelook/phpass/",
            "keywords": [
                "blowfish",
                "crypt",
                "password",
                "security"
            ],
            "time": "2012-08-31T00:00:00+00:00"
        },
        {
            "name": "seanmorris/access",
            "version": "dev-master",
            "source": {
                "type": "git",
                "url": "https://github.com/seanmorris/access.git",
                "reference": "ea6a06a6bacd1ac2b473d3163b61eb314904d5f8"
            },
            "dist": {
                "type": "zip",
                "url": "https://api.github.com/repos/seanmorris/access/zipball/ea6a06a6bacd1ac2b473d3163b61eb314904d5f8",
                "reference": "ea6a06a6bacd1ac2b473d3163b61eb314904d5f8",
                "shasum": ""
            },
            "require": {
                "hautelook/phpass": "^1.0"
            },
            "require-dev": {
                "simpletest/simpletest": "^1.1"
            },
            "type": "library",
            "autoload": {
                "psr-4": {
                    "SeanMorris\\Access\\Test\\": "test/",
                    "SeanMorris\\Access\\": "source/",
                    "seanmorris\\access\\": "source/"
                }
            },
            "authors": [
                {
                    "name": "Sean Morris",
                    "email": "sean@sean-morris.com"
                }
            ],
            "support": {
                "source": "https://github.com/seanmorris/access/tree/master",
                "issues": "https://github.com/seanmorris/access/issues"
            },
            "time": "2019-05-09T00:11:11+00:00"
        },
        {
            "name": "seanmorris/form",
            "version": "dev-master",
            "source": {
                "type": "git",
                "url": "https://github.com/seanmorris/form.git",
                "reference": "1a060505b4638fe7e1c4784de13b775ec66500fc"
            },
            "dist": {
                "type": "zip",
                "url": "https://api.github.com/repos/seanmorris/form/zipball/1a060505b4638fe7e1c4784de13b775ec66500fc",
                "reference": "1a060505b4638fe7e1c4784de13b775ec66500fc",
                "shasum": ""
            },
            "require": {
                "seanmorris/theme": "1.0.*"
            },
            "require-dev": {
                "simpletest/simpletest": "^1.1"
            },
            "type": "library",
            "autoload": {
                "psr-4": {
                    "SeanMorris\\Form\\Test\\": "test/",
                    "SeanMorris\\Form\\": "source/"
                }
            },
            "notification-url": "https://packagist.org/downloads/",
            "license": [
                "Apache-2.0"
            ],
            "authors": [
                {
                    "name": "Sean Morris",
                    "email": "sean@sean-morris.com"
                }
            ],
            "description": "Simple, Object oriented forms for PHP.",
            "time": "2019-02-13T14:43:44+00:00"
        },
        {
            "name": "seanmorris/ids",
            "version": "dev-master",
            "source": {
                "type": "git",
                "url": "https://github.com/seanmorris/ids.git",
                "reference": "6086ac461534fdd869da518dc1c6b0051223d5ae"
            },
            "dist": {
                "type": "zip",
                "url": "https://api.github.com/repos/seanmorris/ids/zipball/6086ac461534fdd869da518dc1c6b0051223d5ae",
                "reference": "6086ac461534fdd869da518dc1c6b0051223d5ae",
                "shasum": ""
            },
            "require-dev": {
                "simpletest/simpletest": "dev-master"
            },
            "bin": [
                "source/Idilic/idilic"
            ],
            "type": "library",
            "autoload": {
                "psr-4": {
                    "SeanMorris\\Ids\\Test\\": "test/",
                    "SeanMorris\\Ids\\": "source/"
                }
            },
            "authors": [
                {
                    "name": "Sean Morris",
                    "email": "sean@sean-morris.com"
                }
            ],
            "support": {
                "source": "https://github.com/seanmorris/ids/tree/master",
                "issues": "https://github.com/seanmorris/ids/issues"
            },
            "time": "2019-05-26T19:03:11+00:00"
        },
        {
            "name": "seanmorris/kallisti",
            "version": "dev-master",
            "source": {
                "type": "git",
                "url": "https://github.com/seanmorris/kalisti.git",
                "reference": "bce6fcc70fad6b8404b4489b93a5bb619573cabc"
            },
            "dist": {
                "type": "zip",
                "url": "https://api.github.com/repos/seanmorris/kalisti/zipball/bce6fcc70fad6b8404b4489b93a5bb619573cabc",
                "reference": "bce6fcc70fad6b8404b4489b93a5bb619573cabc",
                "shasum": ""
            },
            "require-dev": {
                "simpletest/simpletest": "dev-master"
            },
            "type": "library",
            "autoload": {
                "psr-4": {
                    "SeanMorris\\Kallisti\\Test\\": "test/",
                    "SeanMorris\\Kallisti\\": "source/"
                }
            },
            "authors": [
                {
                    "name": "Sean Morris",
                    "email": "inquire@seanmorr.is"
                }
            ],
            "description": "Chaos Management Engine",
            "support": {
                "source": "https://github.com/seanmorris/kalisti/tree/master",
                "issues": "https://github.com/seanmorris/kalisti/issues"
            },
            "time": "2019-03-10T06:54:05+00:00"
        },
        {
            "name": "seanmorris/message",
            "version": "dev-master",
            "source": {
                "type": "git",
                "url": "https://github.com/seanmorris/message.git",
                "reference": "73c1b67f72dedba14c572e6e80c2c4fdd7ac8d3e"
            },
            "dist": {
                "type": "zip",
                "url": "https://api.github.com/repos/seanmorris/message/zipball/73c1b67f72dedba14c572e6e80c2c4fdd7ac8d3e",
                "reference": "73c1b67f72dedba14c572e6e80c2c4fdd7ac8d3e",
                "shasum": ""
            },
            "type": "library",
            "autoload": {
                "psr-4": {
                    "SeanMorris\\Message\\Test\\": "test/",
                    "SeanMorris\\Message\\": "source/"
                }
            },
            "authors": [
                {
                    "name": "Sean Morris",
                    "email": "sean@sean-morris.com"
                }
            ],
            "support": {
                "source": "https://github.com/seanmorris/message/tree/master",
                "issues": "https://github.com/seanmorris/message/issues"
            },
            "time": "2018-05-07T18:57:24+00:00"
        },
        {
            "name": "seanmorris/presskit",
            "version": "dev-master",
            "source": {
                "type": "git",
                "url": "https://github.com/seanmorris/PressKit.git",
                "reference": "41c8b9f5f7662db0ad53420eb784374a01bf4ec9"
            },
            "dist": {
                "type": "zip",
                "url": "https://api.github.com/repos/seanmorris/PressKit/zipball/41c8b9f5f7662db0ad53420eb784374a01bf4ec9",
                "reference": "41c8b9f5f7662db0ad53420eb784374a01bf4ec9",
                "shasum": ""
            },
            "type": "library",
            "autoload": {
                "psr-4": {
                    "SeanMorris\\PressKit\\Test\\": "test/",
                    "SeanMorris\\PressKit\\": "source/"
                }
            },
            "authors": [
                {
                    "name": "Sean Morris",
                    "email": "sean@sean-morris.com"
                }
            ],
            "support": {
                "source": "https://github.com/seanmorris/PressKit/tree/master",
                "issues": "https://github.com/seanmorris/PressKit/issues"
            },
            "time": "2019-05-08T23:30:55+00:00"
        },
        {
            "name": "seanmorris/subspace",
            "version": "dev-master",
            "source": {
                "type": "git",
                "url": "https://github.com/seanmorris/subspace-server.git",
                "reference": "f7f4856a19bf9021dc316cf48ad6d0c24dd6ff0f"
            },
            "dist": {
                "type": "zip",
                "url": "https://api.github.com/repos/seanmorris/subspace-server/zipball/f7f4856a19bf9021dc316cf48ad6d0c24dd6ff0f",
                "reference": "f7f4856a19bf9021dc316cf48ad6d0c24dd6ff0f",
                "shasum": ""
            },
            "require": {
                "seanmorris/access": "dev-master",
                "seanmorris/form": "dev-master",
                "seanmorris/ids": "dev-master",
                "seanmorris/kallisti": "dev-master",
                "seanmorris/message": "dev-master",
                "seanmorris/presskit": "dev-master"
            },
            "require-dev": {
                "simpletest/simpletest": "dev-master"
            },
            "type": "library",
            "autoload": {
                "psr-4": {
                    "SeanMorris\\SubSpace\\Test\\": "test/",
                    "SeanMorris\\SubSpace\\": "source/"
                }
            },
            "authors": [
                {
                    "name": "Sean Morris",
                    "email": "contact@seanmorr.is"
                }
            ],
            "description": "Kallisti websocket server.",
            "support": {
                "source": "https://github.com/seanmorris/subspace-server/tree/master",
                "issues": "https://github.com/seanmorris/subspace-server/issues"
            },
            "time": "2019-03-10T16:00:42+00:00"
        },
        {
            "name": "seanmorris/theme",
            "version": "1.0.7",
            "source": {
                "type": "git",
                "url": "https://github.com/seanmorris/theme.git",
                "reference": "97554e153312026c7db4af8ae3653d20fe9d117d"
            },
            "dist": {
                "type": "zip",
                "url": "https://api.github.com/repos/seanmorris/theme/zipball/97554e153312026c7db4af8ae3653d20fe9d117d",
                "reference": "97554e153312026c7db4af8ae3653d20fe9d117d",
                "shasum": ""
            },
            "require-dev": {
                "simpletest/simpletest": "dev-master"
            },
            "type": "library",
            "autoload": {
                "psr-4": {
                    "SeanMorris\\Theme\\Test\\": "test/",
                    "SeanMorris\\Theme\\": "source/"
                }
            },
            "notification-url": "https://packagist.org/downloads/",
            "license": [
                "Apache-2.0"
            ],
            "authors": [
                {
                    "name": "Sean Morris",
                    "email": "sean@sean-morris.com"
                }
            ],
            "description": "Simple, sane templating and theming for PHP",
            "time": "2017-07-02T12:52:16+00:00"
        }
    ],
    "packages-dev": [
        {
            "name": "simpletest/simpletest",
            "version": "dev-master",
            "source": {
                "type": "git",
                "url": "https://github.com/simpletest/simpletest.git",
                "reference": "713ffea002c8a99adae899e7c27ec201d760f1e3"
            },
            "dist": {
                "type": "zip",
                "url": "https://api.github.com/repos/simpletest/simpletest/zipball/713ffea002c8a99adae899e7c27ec201d760f1e3",
                "reference": "713ffea002c8a99adae899e7c27ec201d760f1e3",
                "shasum": ""
            },
            "require": {
                "php": "^5.4 || ^7.0"
            },
            "type": "library",
            "autoload": {
                "classmap": [
                    "."
                ]
            },
            "notification-url": "https://packagist.org/downloads/",
            "license": [
                "LGPL-2.0+"
            ],
            "authors": [
                {
                    "name": "Lars Vierbergen",
                    "email": "vierbergenlars@gmail.com"
                },
                {
                    "name": "Lachlan Donald",
                    "email": "lachlan@ljd.cc"
                },
                {
                    "name": "Marcus Baker",
                    "email": "marcus@lastcraft.com",
                    "role": "Original project lead"
                },
                {
                    "name": "Jason Sweat",
                    "role": "Original developer"
                },
                {
                    "name": "Travis Swicegood",
                    "role": "Original developer"
                },
                {
                    "name": "Perrick Penet",
                    "role": "Original developer"
                },
                {
                    "name": "Edward Z. Yang",
                    "role": "Original developer"
                },
                {
                    "name": "Jens A. Koch"
                }
            ],
            "description": "Unit testing, mock objects and web testing framework for PHP built around test cases.",
            "homepage": "http://simpletest.org/",
            "keywords": [
                "SimpleTest",
                "code-coverage",
                "selenium",
                "testing",
                "unit-test"
            ],
            "time": "2017-09-01T07:28:43+00:00"
        }
    ],
    "aliases": [],
    "minimum-stability": "stable",
    "stability-flags": {
        "seanmorris/ids": 20,
        "seanmorris/access": 20,
        "seanmorris/form": 20,
        "seanmorris/message": 20,
        "seanmorris/presskit": 20,
        "seanmorris/kallisti": 20,
        "seanmorris/subspace": 20,
        "simpletest/simpletest": 20
    },
    "prefer-stable": false,
    "prefer-lowest": false,
    "platform": [],
    "platform-dev": []
}
